
Microsoft Visual Studio Solution File, Format Version 12.00
# Visual Studio Version 17
VisualStudioVersion = 17.11.35219.272
MinimumVisualStudioVersion = 10.0.40219.1
Project("{FAE04EC0-301F-11D3-BF4B-00C04F79EFBC}") = "SecureFilesJoaoDias", "SecureFilesJoaoDias.csproj", "{80784DD4-F22C-4E2D-BCBE-63C0773F8956}"
EndProject
Global
	GlobalSection(SolutionConfigurationPlatforms) = preSolution
		Debug|Any CPU = Debug|Any CPU
		Release|Any CPU = Release|Any CPU
	EndGlobalSection
	GlobalSection(ProjectConfigurationPlatforms) = postSolution
		{80784DD4-F22C-4E2D-BCBE-63C0773F8956}.Debug|Any CPU.ActiveCfg = Debug|Any CPU
		{80784DD4-F22C-4E2D-BCBE-63C0773F8956}.Debug|Any CPU.Build.0 = Debug|Any CPU
		{80784DD4-F22C-4E2D-BCBE-63C0773F8956}.Release|Any CPU.ActiveCfg = Release|Any CPU
		{80784DD4-F22C-4E2D-BCBE-63C0773F8956}.Release|Any CPU.Build.0 = Release|Any CPU
	EndGlobalSection
	GlobalSection(SolutionProperties) = preSolution
		HideSolutionNode = FALSE
	EndGlobalSection
	GlobalSection(ExtensibilityGlobals) = postSolution
		SolutionGuid = {953F5CAD-8344-4C80-9AFA-FB8CC4FE5112}
	EndGlobalSection
EndGlobal
